
Microsoft Visual Studio Solution File, Format Version 12.00
# Visual Studio Version 16
VisualStudioVersion = 16.0.31729.503
MinimumVisualStudioVersion = 10.0.40219.1
Project("{FAE04EC0-301F-11D3-BF4B-00C04F79EFBC}") = "DictionaryExample", "DictionaryExample\DictionaryExample.csproj", "{97B99A13-086D-4620-BC59-D9C3D1FDDEBD}"
EndProject
Global
	GlobalSection(SolutionConfigurationPlatforms) = preSolution
		Debug|Any CPU = Debug|Any CPU
		Release|Any CPU = Release|Any CPU
	EndGlobalSection
	GlobalSection(ProjectConfigurationPlatforms) = postSolution
		{97B99A13-086D-4620-BC59-D9C3D1FDDEBD}.Debug|Any CPU.ActiveCfg = Debug|Any CPU
		{97B99A13-086D-4620-BC59-D9C3D1FDDEBD}.Debug|Any CPU.Build.0 = Debug|Any CPU
		{97B99A13-086D-4620-BC59-D9C3D1FDDEBD}.Release|Any CPU.ActiveCfg = Release|Any CPU
		{97B99A13-086D-4620-BC59-D9C3D1FDDEBD}.Release|Any CPU.Build.0 = Release|Any CPU
	EndGlobalSection
	GlobalSection(SolutionProperties) = preSolution
		HideSolutionNode = FALSE
	EndGlobalSection
	GlobalSection(ExtensibilityGlobals) = postSolution
		SolutionGuid = {39F393BE-73F4-4ADC-B0E5-9E8732BC040A}
	EndGlobalSection
EndGlobal
